
Microsoft Visual Studio Solution File, Format Version 12.00
# Visual Studio 2013
VisualStudioVersion = 12.0.31101.0
MinimumVisualStudioVersion = 10.0.40219.1
Project("{FAE04EC0-301F-11D3-BF4B-00C04F79EFBC}") = "CLRCLI", "CLRCLI\CLRCLI.csproj", "{928EE27E-046E-4DCE-9D04-1C065B51DC67}"
EndProject
Project("{FAE04EC0-301F-11D3-BF4B-00C04F79EFBC}") = "TestHarness", "TestHarness\TestHarness.csproj", "{BBB2E91C-C4D2-449F-ACD5-2823A90580BA}"
EndProject
Project("{2150E333-8FDC-42A3-9474-1A3956D46DE8}") = ".nuget", ".nuget", "{308C244F-97CC-4E4E-8B51-3FA939FEC6A8}"
	ProjectSection(SolutionItems) = preProject
		.nuget\NuGet.Config = .nuget\NuGet.Config
		.nuget\NuGet.exe = .nuget\NuGet.exe
		.nuget\NuGet.targets = .nuget\NuGet.targets
	EndProjectSection
EndProject
Global
	GlobalSection(SolutionConfigurationPlatforms) = preSolution
		Debug|Any CPU = Debug|Any CPU
		Release|Any CPU = Release|Any CPU
	EndGlobalSection
	GlobalSection(ProjectConfigurationPlatforms) = postSolution
		{928EE27E-046E-4DCE-9D04-1C065B51DC67}.Debug|Any CPU.ActiveCfg = Debug|Any CPU
		{928EE27E-046E-4DCE-9D04-1C065B51DC67}.Debug|Any CPU.Build.0 = Debug|Any CPU
		{928EE27E-046E-4DCE-9D04-1C065B51DC67}.Release|Any CPU.ActiveCfg = Release|Any CPU
		{928EE27E-046E-4DCE-9D04-1C065B51DC67}.Release|Any CPU.Build.0 = Release|Any CPU
		{BBB2E91C-C4D2-449F-ACD5-2823A90580BA}.Debug|Any CPU.ActiveCfg = Debug|Any CPU
		{BBB2E91C-C4D2-449F-ACD5-2823A90580BA}.Debug|Any CPU.Build.0 = Debug|Any CPU
		{BBB2E91C-C4D2-449F-ACD5-2823A90580BA}.Release|Any CPU.ActiveCfg = Release|Any CPU
		{BBB2E91C-C4D2-449F-ACD5-2823A90580BA}.Release|Any CPU.Build.0 = Release|Any CPU
	EndGlobalSection
	GlobalSection(SolutionProperties) = preSolution
		HideSolutionNode = FALSE
	EndGlobalSection
EndGlobal
